// !$*UTF8*$!
{
	archiveVersion = 1;
	classes = {
	};
	objectVersion = 46;
	objects = {

/* Begin PBXBuildFile section */
		096176761D9414CA00420FCE /* main.m in Sources */ = {isa = PBXBuildFile; fileRef = 096176751D9414CA00420FCE /* main.m */; };
		0961767E1D9415A300420FCE /* ZHQRectangle.m in Sources */ = {isa = PBXBuildFile; fileRef = 0961767D1D9415A300420FCE /* ZHQRectangle.m */; };
		096176811D9417A000420FCE /* ZHQSquare.m in Sources */ = {isa = PBXBuildFile; fileRef = 096176801D9417A000420FCE /* ZHQSquare.m */; };
		096176841D9418D300420FCE /* ZHQCircle.m in Sources */ = {isa = PBXBuildFile; fileRef = 096176831D9418D300420FCE /* ZHQCircle.m */; };
		096176871D941A4500420FCE /* ZHQTriangle.m in Sources */ = {isa = PBXBuildFile; fileRef = 096176861D941A4500420FCE /* ZHQTriangle.m */; };
/* End PBXBuildFile section */

/* Begin PBXCopyFilesBuildPhase section */
		096176701D9414CA00420FCE /* CopyFiles */ = {
			isa = PBXCopyFilesBuildPhase;
			buildActionMask = 2147483647;
			dstPath = /usr/share/man/man1/;
			dstSubfolderSpec = 0;
			files = (
			);
			runOnlyForDeploymentPostprocessing = 1;
		};
/* End PBXCopyFilesBuildPhase section */

/* Begin PBXFileReference section */
		096176721D9414CA00420FCE /* 图形 */ = {isa = PBXFileReference; explicitFileType = "compiled.mach-o.executable"; includeInIndex = 0; path = "图形"; sourceTree = BUILT_PRODUCTS_DIR; };
		096176751D9414CA00420FCE /* main.m */ = {isa = PBXFileReference; lastKnownFileType = sourcecode.c.objc; path = main.m; sourceTree = "<group>"; };
		0961767C1D9415A300420FCE /* ZHQRectangle.h */ = {isa = PBXFileReference; fileEncoding = 4; lastKnownFileType = sourcecode.c.h; path = ZHQRectangle.h; sourceTree = "<group>"; };
		0961767D1D9415A300420FCE /* ZHQRectangle.m */ = {isa = PBXFileReference; fileEncoding = 4; lastKnownFileType = sourcecode.c.objc; path = ZHQRectangle.m; sourceTree = "<group>"; };
		0961767F1D9417A000420FCE /* ZHQSquare.h */ = {isa = PBXFileReference; fileEncoding = 4; lastKnownFileType = sourcecode.c.h; path = ZHQSquare.h; sourceTree = "<group>"; };
		096176801D9417A000420FCE /* ZHQSquare.m */ = {isa = PBXFileReference; fileEncoding = 4; lastKnownFileType = sourcecode.c.objc; path = ZHQSquare.m; sourceTree = "<group>"; };
		096176821D9418D300420FCE /* ZHQCircle.h */ = {isa = PBXFileReference; fileEncoding = 4; lastKnownFileType = sourcecode.c.h; path = ZHQCircle.h; sourceTree = "<group>"; };
		096176831D9418D300420FCE /* ZHQCircle.m */ = {isa = PBXFileReference; fileEncoding = 4; lastKnownFileType = sourcecode.c.objc; path = ZHQCircle.m; sourceTree = "<group>"; };
		096176851D941A4500420FCE /* ZHQTriangle.h */ = {isa = PBXFileReference; fileEncoding = 4; lastKnownFileType = sourcecode.c.h; path = ZHQTriangle.h; sourceTree = "<group>"; };
		096176861D941A4500420FCE /* ZHQTriangle.m */ = {isa = PBXFileReference; fileEncoding = 4; lastKnownFileType = sourcecode.c.objc; path = ZHQTriangle.m; sourceTree = "<group>"; };
/* End PBXFileReference section */

/* Begin PBXFrameworksBuildPhase section */
		0961766F1D9414CA00420FCE /* Frameworks */ = {
			isa = PBXFrameworksBuildPhase;
			buildActionMask = 2147483647;
			files = (
			);
			runOnlyForDeploymentPostprocessing = 0;
		};
/* End PBXFrameworksBuildPhase section */

/* Begin PBXGroup section */
		096176691D9414CA00420FCE = {
			isa = PBXGroup;
			children = (
				096176741D9414CA00420FCE /* 图形 */,
				096176731D9414CA00420FCE /* Products */,
			);
			sourceTree = "<group>";
		};
		096176731D9414CA00420FCE /* Products */ = {
			isa = PBXGroup;
			children = (
				096176721D9414CA00420FCE /* 图形 */,
			);
			name = Products;
			sourceTree = "<group>";
		};
		096176741D9414CA00420FCE /* 图形 */ = {
			isa = PBXGroup;
			children = (
				096176751D9414CA00420FCE /* main.m */,
				0961767F1D9417A000420FCE /* ZHQSquare.h */,
				096176801D9417A000420FCE /* ZHQSquare.m */,
				0961767C1D9415A300420FCE /* ZHQRectangle.h */,
				0961767D1D9415A300420FCE /* ZHQRectangle.m */,
				096176821D9418D300420FCE /* ZHQCircle.h */,
				096176831D9418D300420FCE /* ZHQCircle.m */,
				096176851D941A4500420FCE /* ZHQTriangle.h */,
				096176861D941A4500420FCE /* ZHQTriangle.m */,
			);
			path = "图形";
			sourceTree = "<group>";
		};
/* End PBXGroup section */

/* Begin PBXNativeTarget section */
		096176711D9414CA00420FCE /* 图形 */ = {
			isa = PBXNativeTarget;
			buildConfigurationList = 096176791D9414CA00420FCE /* Build configuration list for PBXNativeTarget "图形" */;
			buildPhases = (
				0961766E1D9414CA00420FCE /* Sources */,
				0961766F1D9414CA00420FCE /* Frameworks */,
				096176701D9414CA00420FCE /* CopyFiles */,
			);
			buildRules = (
			);
			dependencies = (
			);
			name = "图形";
			productName = "图形";
			productReference = 096176721D9414CA00420FCE /* 图形 */;
			productType = "com.apple.product-type.tool";
		};
/* End PBXNativeTarget section */

/* Begin PBXProject section */
		0961766A1D9414CA00420FCE /* Project object */ = {
			isa = PBXProject;
			attributes = {
				LastUpgradeCheck = 0630;
				ORGANIZATIONNAME = "王宇珍";
				TargetAttributes = {
					096176711D9414CA00420FCE = {
						CreatedOnToolsVersion = 6.3.2;
					};
				};
			};
			buildConfigurationList = 0961766D1D9414CA00420FCE /* Build configuration list for PBXProject "图形" */;
			compatibilityVersion = "Xcode 3.2";
			developmentRegion = English;
			hasScannedForEncodings = 0;
			knownRegions = (
				en,
			);
			mainGroup = 096176691D9414CA00420FCE;
			productRefGroup = 096176731D9414CA00420FCE /* Products */;
			projectDirPath = "";
			projectRoot = "";
			targets = (
				096176711D9414CA00420FCE /* 图形 */,
			);
		};
/* End PBXProject section */

/* Begin PBXSourcesBuildPhase section */
		0961766E1D9414CA00420FCE /* Sources */ = {
			isa = PBXSourcesBuildPhase;
			buildActionMask = 2147483647;
			files = (
				096176761D9414CA00420FCE /* main.m in Sources */,
				0961767E1D9415A300420FCE /* ZHQRectangle.m in Sources */,
				096176811D9417A000420FCE /* ZHQSquare.m in Sources */,
				096176841D9418D300420FCE /* ZHQCircle.m in Sources */,
				096176871D941A4500420FCE /* ZHQTriangle.m in Sources */,
			);
			runOnlyForDeploymentPostprocessing = 0;
		};
/* End PBXSourcesBuildPhase section */

/* Begin XCBuildConfiguration section */
		096176771D9414CA00420FCE /* Debug */ = {
			isa = XCBuildConfiguration;
			buildSettings = {
				ALWAYS_SEARCH_USER_PATHS = NO;
				CLANG_CXX_LANGUAGE_STANDARD = "gnu++0x";
				CLANG_CXX_LIBRARY = "libc++";
				CLANG_ENABLE_MODULES = YES;
				CLANG_ENABLE_OBJC_ARC = YES;
				CLANG_WARN_BOOL_CONVERSION = YES;
				CLANG_WARN_CONSTANT_CONVERSION = YES;
				CLANG_WARN_DIRECT_OBJC_ISA_USAGE = YES_ERROR;
				CLANG_WARN_EMPTY_BODY = YES;
				CLANG_WARN_ENUM_CONVERSION = YES;
				CLANG_WARN_INT_CONVERSION = YES;
				CLANG_WARN_OBJC_ROOT_CLASS = YES_ERROR;
				CLANG_WARN_UNREACHABLE_CODE = YES;
				CLANG_WARN__DUPLICATE_METHOD_MATCH = YES;
				COPY_PHASE_STRIP = NO;
				DEBUG_INFORMATION_FORMAT = dwarf;
				ENABLE_STRICT_OBJC_MSGSEND = YES;
				GCC_C_LANGUAGE_STANDARD = gnu99;
				GCC_DYNAMIC_NO_PIC = NO;
				GCC_NO_COMMON_BLOCKS = YES;
				GCC_OPTIMIZATION_LEVEL = 0;
				GCC_PREPROCESSOR_DEFINITIONS = (
					"DEBUG=1",
					"$(inherited)",
				);
				GCC_SYMBOLS_PRIVATE_EXTERN = NO;
				GCC_WARN_64_TO_32_BIT_CONVERSION = YES;
				GCC_WARN_ABOUT_RETURN_TYPE = YES_ERROR;
				GCC_WARN_UNDECLARED_SELECTOR = YES;
				GCC_WARN_UNINITIALIZED_AUTOS = YES_AGGRESSIVE;
				GCC_WARN_UNUSED_FUNCTION = YES;
				GCC_WARN_UNUSED_VARIABLE = YES;
				MACOSX_DEPLOYMENT_TARGET = 10.10;
				MTL_ENABLE_DEBUG_INFO = YES;
				ONLY_ACTIVE_ARCH = YES;
				SDKROOT = macosx;
			};
			name = Debug;
		};
		096176781D9414CA00420FCE /* Release */ = {
			isa = XCBuildConfiguration;
			buildSettings = {
				ALWAYS_SEARCH_USER_PATHS = NO;
				CLANG_CXX_LANGUAGE_STANDARD = "gnu++0x";
				CLANG_CXX_LIBRARY = "libc++";
				CLANG_ENABLE_MODULES = YES;
				CLANG_ENABLE_OBJC_ARC = YES;
				CLANG_WARN_BOOL_CONVERSION = YES;
				CLANG_WARN_CONSTANT_CONVERSION = YES;
				CLANG_WARN_DIRECT_OBJC_ISA_USAGE = YES_ERROR;
				CLANG_WARN_EMPTY_BODY = YES;
				CLANG_WARN_ENUM_CONVERSION = YES;
				CLANG_WARN_INT_CONVERSION = YES;
				CLANG_WARN_OBJC_ROOT_CLASS = YES_ERROR;
				CLANG_WARN_UNREACHABLE_CODE = YES;
				CLANG_WARN__DUPLICATE_METHOD_MATCH = YES;
				COPY_PHASE_STRIP = NO;
				DEBUG_INFORMATION_FORMAT = "dwarf-with-dsym";
				ENABLE_NS_ASSERTIONS = NO;
				ENABLE_STRICT_OBJC_MSGSEND = YES;
				GCC_C_LANGUAGE_STANDARD = gnu99;
				GCC_NO_COMMON_BLOCKS = YES;
				GCC_WARN_64_TO_32_BIT_CONVERSION = YES;
				GCC_WARN_ABOUT_RETURN_TYPE = YES_ERROR;
				GCC_WARN_UNDECLARED_SELECTOR = YES;
				GCC_WARN_UNINITIALIZED_AUTOS = YES_AGGRESSIVE;
				GCC_WARN_UNUSED_FUNCTION = YES;
				GCC_WARN_UNUSED_VARIABLE = YES;
				MACOSX_DEPLOYMENT_TARGET = 10.10;
				MTL_ENABLE_DEBUG_INFO = NO;
				SDKROOT = macosx;
			};
			name = Release;
		};
		0961767A1D9414CA00420FCE /* Debug */ = {
			isa = XCBuildConfiguration;
			buildSettings = {
				PRODUCT_NAME = "$(TARGET_NAME)";
			};
			name = Debug;
		};
		0961767B1D9414CA00420FCE /* Release */ = {
			isa = XCBuildConfiguration;
			buildSettings = {
				PRODUCT_NAME = "$(TARGET_NAME)";
			};
			name = Release;
		};
/* End XCBuildConfiguration section */

/* Begin XCConfigurationList section */
		0961766D1D9414CA00420FCE /* Build configuration list for PBXProject "图形" */ = {
			isa = XCConfigurationList;
			buildConfigurations = (
				096176771D9414CA00420FCE /* Debug */,
				096176781D9414CA00420FCE /* Release */,
			);
			defaultConfigurationIsVisible = 0;
			defaultConfigurationName = Release;
		};
		096176791D9414CA00420FCE /* Build configuration list for PBXNativeTarget "图形" */ = {
			isa = XCConfigurationList;
			buildConfigurations = (
				0961767A1D9414CA00420FCE /* Debug */,
				0961767B1D9414CA00420FCE /* Release */,
			);
			defaultConfigurationIsVisible = 0;
		};
/* End XCConfigurationList section */
	};
	rootObject = 0961766A1D9414CA00420FCE /* Project object */;
}
